
Microsoft Visual Studio Solution File, Format Version 12.00
# Visual Studio 15
VisualStudioVersion = 15.0.28010.2016
MinimumVisualStudioVersion = 10.0.40219.1
Project("{9A19103F-16F7-4668-BE54-9A1E7A4F7556}") = "FoodiePal", "WebApplication1\FoodiePal.csproj", "{3678D914-6072-4BDE-9E55-C2755958563E}"
EndProject
Project("{FAE04EC0-301F-11D3-BF4B-00C04F79EFBC}") = "PassionProjectTest.Tests", "PassionProjectTest\PassionProjectTest.Tests.csproj", "{9C2B9BC7-D8E6-494F-90C4-A1522AE49209}"
EndProject
Global
	GlobalSection(SolutionConfigurationPlatforms) = preSolution
		Debug|Any CPU = Debug|Any CPU
		Release|Any CPU = Release|Any CPU
	EndGlobalSection
	GlobalSection(ProjectConfigurationPlatforms) = postSolution
		{3678D914-6072-4BDE-9E55-C2755958563E}.Debug|Any CPU.ActiveCfg = Debug|Any CPU
		{3678D914-6072-4BDE-9E55-C2755958563E}.Debug|Any CPU.Build.0 = Debug|Any CPU
		{3678D914-6072-4BDE-9E55-C2755958563E}.Release|Any CPU.ActiveCfg = Release|Any CPU
		{3678D914-6072-4BDE-9E55-C2755958563E}.Release|Any CPU.Build.0 = Release|Any CPU
		{9C2B9BC7-D8E6-494F-90C4-A1522AE49209}.Debug|Any CPU.ActiveCfg = Debug|Any CPU
		{9C2B9BC7-D8E6-494F-90C4-A1522AE49209}.Debug|Any CPU.Build.0 = Debug|Any CPU
		{9C2B9BC7-D8E6-494F-90C4-A1522AE49209}.Release|Any CPU.ActiveCfg = Release|Any CPU
		{9C2B9BC7-D8E6-494F-90C4-A1522AE49209}.Release|Any CPU.Build.0 = Release|Any CPU
	EndGlobalSection
	GlobalSection(SolutionProperties) = preSolution
		HideSolutionNode = FALSE
	EndGlobalSection
	GlobalSection(ExtensibilityGlobals) = postSolution
		SolutionGuid = {68AD1B37-DB1C-4FE9-A0E6-CD1637068EE1}
	EndGlobalSection
EndGlobal
